
Microsoft Visual Studio Solution File, Format Version 12.00
# Visual Studio Version 17
VisualStudioVersion = 17.14.36127.28 d17.14
MinimumVisualStudioVersion = 10.0.40219.1
Project("{FAE04EC0-301F-11D3-BF4B-00C04F79EFBC}") = "Asteroids", "Asteroids\Asteroids.csproj", "{8260C2D9-A905-45F8-83A3-402F6D5D6BC0}"
EndProject
Global
	GlobalSection(SolutionConfigurationPlatforms) = preSolution
		Debug|Any CPU = Debug|Any CPU
		Release|Any CPU = Release|Any CPU
	EndGlobalSection
	GlobalSection(ProjectConfigurationPlatforms) = postSolution
		{8260C2D9-A905-45F8-83A3-402F6D5D6BC0}.Debug|Any CPU.ActiveCfg = Debug|Any CPU
		{8260C2D9-A905-45F8-83A3-402F6D5D6BC0}.Debug|Any CPU.Build.0 = Debug|Any CPU
		{8260C2D9-A905-45F8-83A3-402F6D5D6BC0}.Release|Any CPU.ActiveCfg = Release|Any CPU
		{8260C2D9-A905-45F8-83A3-402F6D5D6BC0}.Release|Any CPU.Build.0 = Release|Any CPU
	EndGlobalSection
	GlobalSection(SolutionProperties) = preSolution
		HideSolutionNode = FALSE
	EndGlobalSection
	GlobalSection(ExtensibilityGlobals) = postSolution
		SolutionGuid = {194D69D1-9D48-452F-B6A9-8B9E0AEB33AB}
	EndGlobalSection
EndGlobal
